
Microsoft Visual Studio Solution File, Format Version 12.00
# Visual Studio 14
VisualStudioVersion = 14.0.25420.1
MinimumVisualStudioVersion = 10.0.40219.1
Project("{2150E333-8FDC-42A3-9474-1A3956D46DE8}") = "src", "src", "{52C2591B-FD2F-424B-B832-A751A66E87C8}"
EndProject
Project("{2150E333-8FDC-42A3-9474-1A3956D46DE8}") = "Solution Items", "Solution Items", "{0AEE0670-62C9-4DD0-8413-6B026D46B7D9}"
	ProjectSection(SolutionItems) = preProject
		global.json = global.json
	EndProjectSection
EndProject
Project("{8BB2217D-0F2D-49D1-97BC-3654ED321F3B}") = "AttendanceReckord", "src\AttendanceReckord\AttendanceReckord.xproj", "{00B0C0CF-E756-494F-A8F5-AA5A4DBCF435}"
EndProject
Global
	GlobalSection(SolutionConfigurationPlatforms) = preSolution
		Debug|Any CPU = Debug|Any CPU
		Release|Any CPU = Release|Any CPU
	EndGlobalSection
	GlobalSection(ProjectConfigurationPlatforms) = postSolution
		{00B0C0CF-E756-494F-A8F5-AA5A4DBCF435}.Debug|Any CPU.ActiveCfg = Debug|Any CPU
		{00B0C0CF-E756-494F-A8F5-AA5A4DBCF435}.Debug|Any CPU.Build.0 = Debug|Any CPU
		{00B0C0CF-E756-494F-A8F5-AA5A4DBCF435}.Release|Any CPU.ActiveCfg = Release|Any CPU
		{00B0C0CF-E756-494F-A8F5-AA5A4DBCF435}.Release|Any CPU.Build.0 = Release|Any CPU
	EndGlobalSection
	GlobalSection(SolutionProperties) = preSolution
		HideSolutionNode = FALSE
	EndGlobalSection
	GlobalSection(NestedProjects) = preSolution
		{00B0C0CF-E756-494F-A8F5-AA5A4DBCF435} = {52C2591B-FD2F-424B-B832-A751A66E87C8}
	EndGlobalSection
EndGlobal
